
Microsoft Visual Studio Solution File, Format Version 12.00
# Visual Studio 2013
VisualStudioVersion = 12.0.31101.0
MinimumVisualStudioVersion = 10.0.40219.1
Project("{FAE04EC0-301F-11D3-BF4B-00C04F79EFBC}") = "TimerHandler", "TimerHandler\TimerHandler.csproj", "{C60ED41C-AD68-4537-8440-4A82B86487F6}"
EndProject
Project("{FAE04EC0-301F-11D3-BF4B-00C04F79EFBC}") = "TimerClass", "TimerClass\TimerClass.csproj", "{A0206AF6-433D-4BE2-86DA-4FB429CA7660}"
EndProject
Project("{FAE04EC0-301F-11D3-BF4B-00C04F79EFBC}") = "TimerManage", "TimerManage\TimerManage.csproj", "{67779D83-543F-4A3B-AD16-40B4DD23BCCA}"
EndProject
Global
	GlobalSection(SolutionConfigurationPlatforms) = preSolution
		Debug|Any CPU = Debug|Any CPU
		Release|Any CPU = Release|Any CPU
	EndGlobalSection
	GlobalSection(ProjectConfigurationPlatforms) = postSolution
		{C60ED41C-AD68-4537-8440-4A82B86487F6}.Debug|Any CPU.ActiveCfg = Debug|Any CPU
		{C60ED41C-AD68-4537-8440-4A82B86487F6}.Debug|Any CPU.Build.0 = Debug|Any CPU
		{C60ED41C-AD68-4537-8440-4A82B86487F6}.Release|Any CPU.ActiveCfg = Release|Any CPU
		{C60ED41C-AD68-4537-8440-4A82B86487F6}.Release|Any CPU.Build.0 = Release|Any CPU
		{A0206AF6-433D-4BE2-86DA-4FB429CA7660}.Debug|Any CPU.ActiveCfg = Debug|Any CPU
		{A0206AF6-433D-4BE2-86DA-4FB429CA7660}.Debug|Any CPU.Build.0 = Debug|Any CPU
		{A0206AF6-433D-4BE2-86DA-4FB429CA7660}.Release|Any CPU.ActiveCfg = Release|Any CPU
		{A0206AF6-433D-4BE2-86DA-4FB429CA7660}.Release|Any CPU.Build.0 = Release|Any CPU
		{67779D83-543F-4A3B-AD16-40B4DD23BCCA}.Debug|Any CPU.ActiveCfg = Debug|Any CPU
		{67779D83-543F-4A3B-AD16-40B4DD23BCCA}.Debug|Any CPU.Build.0 = Debug|Any CPU
		{67779D83-543F-4A3B-AD16-40B4DD23BCCA}.Release|Any CPU.ActiveCfg = Release|Any CPU
		{67779D83-543F-4A3B-AD16-40B4DD23BCCA}.Release|Any CPU.Build.0 = Release|Any CPU
	EndGlobalSection
	GlobalSection(SolutionProperties) = preSolution
		HideSolutionNode = FALSE
	EndGlobalSection
EndGlobal
